
Microsoft Visual Studio Solution File, Format Version 12.00
# Visual Studio Version 17
VisualStudioVersion = 17.10.34928.147
MinimumVisualStudioVersion = 10.0.40219.1
Project("{8BC9CEB8-8B4A-11D0-8D11-00A0C91BC942}") = "UniquePtr_Task1", "UniquePtr_Task1\UniquePtr_Task1.vcxproj", "{82CBB7AF-87CD-4587-8474-2CF7927BB7C4}"
EndProject
Global
	GlobalSection(SolutionConfigurationPlatforms) = preSolution
		Debug|x64 = Debug|x64
		Debug|x86 = Debug|x86
		Release|x64 = Release|x64
		Release|x86 = Release|x86
	EndGlobalSection
	GlobalSection(ProjectConfigurationPlatforms) = postSolution
		{82CBB7AF-87CD-4587-8474-2CF7927BB7C4}.Debug|x64.ActiveCfg = Debug|x64
		{82CBB7AF-87CD-4587-8474-2CF7927BB7C4}.Debug|x64.Build.0 = Debug|x64
		{82CBB7AF-87CD-4587-8474-2CF7927BB7C4}.Debug|x86.ActiveCfg = Debug|Win32
		{82CBB7AF-87CD-4587-8474-2CF7927BB7C4}.Debug|x86.Build.0 = Debug|Win32
		{82CBB7AF-87CD-4587-8474-2CF7927BB7C4}.Release|x64.ActiveCfg = Release|x64
		{82CBB7AF-87CD-4587-8474-2CF7927BB7C4}.Release|x64.Build.0 = Release|x64
		{82CBB7AF-87CD-4587-8474-2CF7927BB7C4}.Release|x86.ActiveCfg = Release|Win32
		{82CBB7AF-87CD-4587-8474-2CF7927BB7C4}.Release|x86.Build.0 = Release|Win32
	EndGlobalSection
	GlobalSection(SolutionProperties) = preSolution
		HideSolutionNode = FALSE
	EndGlobalSection
	GlobalSection(ExtensibilityGlobals) = postSolution
		SolutionGuid = {5347296D-3173-4A49-AB52-BEBF9DE048AE}
	EndGlobalSection
EndGlobal
